{
  "requires": true,
  "lockfileVersion": 1,
  "dependencies": {
    "@formspree/core": {
      "version": "2.6.2",
      "resolved": "https://registry.npmjs.org/@formspree/core/-/core-2.6.2.tgz",
      "integrity": "sha512-cbaNhWQ4BFZWosh1Oa4pKD3CWAK3sn+nK3D1UQj6hO1O+AUH502OabKo5+ugC/P2+d4YZLadIY3mC11Ig4kEzA==",
      "requires": {
        "@types/promise-polyfill": "^6.0.3",
        "fetch-ponyfill": "^6.1.0",
        "promise-polyfill": "^8.1.3"
      }
    },
    "@formspree/react": {
      "version": "2.2.3",
      "resolved": "https://registry.npmjs.org/@formspree/react/-/react-2.2.3.tgz",
      "integrity": "sha512-paiDNr0lsf3XwNiV8SrYQGXdSN471c9boFLesqxM01VimCgA0MwZbyo46cDxWO7ZML6FsuKUOvdjnRguSHFkow==",
      "requires": {
        "@formspree/core": "^2.6.1"
      }
    },
    "@types/promise-polyfill": {
      "version": "6.0.3",
      "resolved": "https://registry.npmjs.org/@types/promise-polyfill/-/promise-polyfill-6.0.3.tgz",
      "integrity": "sha512-f/BFgF9a+cgsMseC7rpv9+9TAE3YNjhfYrtwCo/pIeCDDfQtE6PY0b5bao2eIIEpZCBUy8Y5ToXd4ObjPSJuFw=="
    },
    "fetch-ponyfill": {
      "version": "6.1.1",
      "resolved": "https://registry.npmjs.org/fetch-ponyfill/-/fetch-ponyfill-6.1.1.tgz",
      "integrity": "sha512-rWLgTr5A44/XhvCQPYj0X9Tc+cjUaHofSM4lcwjc9MavD5lkjIhJ+h8JQlavPlTIgDpwhuRozaIykBvX9ItaSA==",
      "requires": {
        "node-fetch": "~2.6.0"
      }
    },
    "node-fetch": {
      "version": "2.6.1",
      "resolved": "https://registry.npmjs.org/node-fetch/-/node-fetch-2.6.1.tgz",
      "integrity": "sha512-V4aYg89jEoVRxRb2fJdAg8FHvI7cEyYdVAh94HH0UIK8oJxUfkjlDQN9RbMx+bEjP7+ggMiFRprSti032Oipxw=="
    },
    "promise-polyfill": {
      "version": "8.2.0",
      "resolved": "https://registry.npmjs.org/promise-polyfill/-/promise-polyfill-8.2.0.tgz",
      "integrity": "sha512-k/TC0mIcPVF6yHhUvwAp7cvL6I2fFV7TzF1DuGPI8mBh4QQazf36xCKEHKTZKRysEoTQoQdKyP25J8MPJp7j5g=="
    }
  }
}
